
Microsoft Visual Studio Solution File, Format Version 12.00
# Visual Studio Version 16
VisualStudioVersion = 16.0.30320.27
MinimumVisualStudioVersion = 10.0.40219.1
Project("{9A19103F-16F7-4668-BE54-9A1E7A4F7556}") = "Employee Hub", "Employee Hub.csproj", "{87A2F26E-9EA8-470B-871F-AB204BF7E866}"
EndProject
Global
	GlobalSection(SolutionConfigurationPlatforms) = preSolution
		Debug|Any CPU = Debug|Any CPU
		Release|Any CPU = Release|Any CPU
	EndGlobalSection
	GlobalSection(ProjectConfigurationPlatforms) = postSolution
		{87A2F26E-9EA8-470B-871F-AB204BF7E866}.Debug|Any CPU.ActiveCfg = Debug|Any CPU
		{87A2F26E-9EA8-470B-871F-AB204BF7E866}.Debug|Any CPU.Build.0 = Debug|Any CPU
		{87A2F26E-9EA8-470B-871F-AB204BF7E866}.Release|Any CPU.ActiveCfg = Release|Any CPU
		{87A2F26E-9EA8-470B-871F-AB204BF7E866}.Release|Any CPU.Build.0 = Release|Any CPU
	EndGlobalSection
	GlobalSection(SolutionProperties) = preSolution
		HideSolutionNode = FALSE
	EndGlobalSection
	GlobalSection(ExtensibilityGlobals) = postSolution
		SolutionGuid = {F0612BBD-883C-467A-BC4E-0285ABD7AC8A}
	EndGlobalSection
EndGlobal
